
Microsoft Visual Studio Solution File, Format Version 12.00
# Visual Studio Version 17
VisualStudioVersion = 17.0.31612.314
MinimumVisualStudioVersion = 10.0.40219.1
Project("{FAE04EC0-301F-11D3-BF4B-00C04F79EFBC}") = "API_DotNet_Criando_Middleware", "API_DotNet_Criando_Middleware\API_DotNet_Criando_Middleware.csproj", "{6BB90457-5816-4DCB-93F0-C00B51AD4EA6}"
EndProject
Global
	GlobalSection(SolutionConfigurationPlatforms) = preSolution
		Debug|Any CPU = Debug|Any CPU
		Release|Any CPU = Release|Any CPU
	EndGlobalSection
	GlobalSection(ProjectConfigurationPlatforms) = postSolution
		{6BB90457-5816-4DCB-93F0-C00B51AD4EA6}.Debug|Any CPU.ActiveCfg = Debug|Any CPU
		{6BB90457-5816-4DCB-93F0-C00B51AD4EA6}.Debug|Any CPU.Build.0 = Debug|Any CPU
		{6BB90457-5816-4DCB-93F0-C00B51AD4EA6}.Release|Any CPU.ActiveCfg = Release|Any CPU
		{6BB90457-5816-4DCB-93F0-C00B51AD4EA6}.Release|Any CPU.Build.0 = Release|Any CPU
	EndGlobalSection
	GlobalSection(SolutionProperties) = preSolution
		HideSolutionNode = FALSE
	EndGlobalSection
	GlobalSection(ExtensibilityGlobals) = postSolution
		SolutionGuid = {88403FFD-725A-4BB9-B03E-FE33954C618C}
	EndGlobalSection
EndGlobal
